// !$*UTF8*$!
{
	archiveVersion = 1;
	classes = {
	};
	objectVersion = 46;
	objects = {

/* Begin PBXBuildFile section */
		6246351B1C4E1876006B10A2 /* main.m in Sources */ = {isa = PBXBuildFile; fileRef = 6246351A1C4E1876006B10A2 /* main.m */; };
		6246351E1C4E1876006B10A2 /* AppDelegate.m in Sources */ = {isa = PBXBuildFile; fileRef = 6246351D1C4E1876006B10A2 /* AppDelegate.m */; };
		624635211C4E1876006B10A2 /* MasterViewController.m in Sources */ = {isa = PBXBuildFile; fileRef = 624635201C4E1876006B10A2 /* MasterViewController.m */; };
		624635241C4E1876006B10A2 /* DetailViewController.m in Sources */ = {isa = PBXBuildFile; fileRef = 624635231C4E1876006B10A2 /* DetailViewController.m */; };
		624635271C4E1876006B10A2 /* Main.storyboard in Resources */ = {isa = PBXBuildFile; fileRef = 624635251C4E1876006B10A2 /* Main.storyboard */; };
		624635291C4E1876006B10A2 /* Assets.xcassets in Resources */ = {isa = PBXBuildFile; fileRef = 624635281C4E1876006B10A2 /* Assets.xcassets */; };
		6246352C1C4E1876006B10A2 /* LaunchScreen.storyboard in Resources */ = {isa = PBXBuildFile; fileRef = 6246352A1C4E1876006B10A2 /* LaunchScreen.storyboard */; };
		624635371C4E1876006B10A2 /* customActivityLoaderTests.m in Sources */ = {isa = PBXBuildFile; fileRef = 624635361C4E1876006B10A2 /* customActivityLoaderTests.m */; };
		624635421C4E1876006B10A2 /* customActivityLoaderUITests.m in Sources */ = {isa = PBXBuildFile; fileRef = 624635411C4E1876006B10A2 /* customActivityLoaderUITests.m */; };
/* End PBXBuildFile section */

/* Begin PBXContainerItemProxy section */
		624635331C4E1876006B10A2 /* PBXContainerItemProxy */ = {
			isa = PBXContainerItemProxy;
			containerPortal = 6246350E1C4E1876006B10A2 /* Project object */;
			proxyType = 1;
			remoteGlobalIDString = 624635151C4E1876006B10A2;
			remoteInfo = customActivityLoader;
		};
		6246353E1C4E1876006B10A2 /* PBXContainerItemProxy */ = {
			isa = PBXContainerItemProxy;
			containerPortal = 6246350E1C4E1876006B10A2 /* Project object */;
			proxyType = 1;
			remoteGlobalIDString = 624635151C4E1876006B10A2;
			remoteInfo = customActivityLoader;
		};
/* End PBXContainerItemProxy section */

/* Begin PBXFileReference section */
		624635161C4E1876006B10A2 /* customActivityLoader.app */ = {isa = PBXFileReference; explicitFileType = wrapper.application; includeInIndex = 0; path = customActivityLoader.app; sourceTree = BUILT_PRODUCTS_DIR; };
		6246351A1C4E1876006B10A2 /* main.m */ = {isa = PBXFileReference; lastKnownFileType = sourcecode.c.objc; path = main.m; sourceTree = "<group>"; };
		6246351C1C4E1876006B10A2 /* AppDelegate.h */ = {isa = PBXFileReference; lastKnownFileType = sourcecode.c.h; path = AppDelegate.h; sourceTree = "<group>"; };
		6246351D1C4E1876006B10A2 /* AppDelegate.m */ = {isa = PBXFileReference; lastKnownFileType = sourcecode.c.objc; path = AppDelegate.m; sourceTree = "<group>"; };
		6246351F1C4E1876006B10A2 /* MasterViewController.h */ = {isa = PBXFileReference; lastKnownFileType = sourcecode.c.h; path = MasterViewController.h; sourceTree = "<group>"; };
		624635201C4E1876006B10A2 /* MasterViewController.m */ = {isa = PBXFileReference; lastKnownFileType = sourcecode.c.objc; path = MasterViewController.m; sourceTree = "<group>"; };
		624635221C4E1876006B10A2 /* DetailViewController.h */ = {isa = PBXFileReference; lastKnownFileType = sourcecode.c.h; path = DetailViewController.h; sourceTree = "<group>"; };
		624635231C4E1876006B10A2 /* DetailViewController.m */ = {isa = PBXFileReference; lastKnownFileType = sourcecode.c.objc; path = DetailViewController.m; sourceTree = "<group>"; };
		624635261C4E1876006B10A2 /* Base */ = {isa = PBXFileReference; lastKnownFileType = file.storyboard; name = Base; path = Base.lproj/Main.storyboard; sourceTree = "<group>"; };
		624635281C4E1876006B10A2 /* Assets.xcassets */ = {isa = PBXFileReference; lastKnownFileType = folder.assetcatalog; path = Assets.xcassets; sourceTree = "<group>"; };
		6246352B1C4E1876006B10A2 /* Base */ = {isa = PBXFileReference; lastKnownFileType = file.storyboard; name = Base; path = Base.lproj/LaunchScreen.storyboard; sourceTree = "<group>"; };
		6246352D1C4E1876006B10A2 /* Info.plist */ = {isa = PBXFileReference; lastKnownFileType = text.plist.xml; path = Info.plist; sourceTree = "<group>"; };
		624635321C4E1876006B10A2 /* customActivityLoaderTests.xctest */ = {isa = PBXFileReference; explicitFileType = wrapper.cfbundle; includeInIndex = 0; path = customActivityLoaderTests.xctest; sourceTree = BUILT_PRODUCTS_DIR; };
		624635361C4E1876006B10A2 /* customActivityLoaderTests.m */ = {isa = PBXFileReference; lastKnownFileType = sourcecode.c.objc; path = customActivityLoaderTests.m; sourceTree = "<group>"; };
		624635381C4E1876006B10A2 /* Info.plist */ = {isa = PBXFileReference; lastKnownFileType = text.plist.xml; path = Info.plist; sourceTree = "<group>"; };
		6246353D1C4E1876006B10A2 /* customActivityLoaderUITests.xctest */ = {isa = PBXFileReference; explicitFileType = wrapper.cfbundle; includeInIndex = 0; path = customActivityLoaderUITests.xctest; sourceTree = BUILT_PRODUCTS_DIR; };
		624635411C4E1876006B10A2 /* customActivityLoaderUITests.m */ = {isa = PBXFileReference; lastKnownFileType = sourcecode.c.objc; path = customActivityLoaderUITests.m; sourceTree = "<group>"; };
		624635431C4E1876006B10A2 /* Info.plist */ = {isa = PBXFileReference; lastKnownFileType = text.plist.xml; path = Info.plist; sourceTree = "<group>"; };
/* End PBXFileReference section */

/* Begin PBXFrameworksBuildPhase section */
		624635131C4E1876006B10A2 /* Frameworks */ = {
			isa = PBXFrameworksBuildPhase;
			buildActionMask = 2147483647;
			files = (
			);
			runOnlyForDeploymentPostprocessing = 0;
		};
		6246352F1C4E1876006B10A2 /* Frameworks */ = {
			isa = PBXFrameworksBuildPhase;
			buildActionMask = 2147483647;
			files = (
			);
			runOnlyForDeploymentPostprocessing = 0;
		};
		6246353A1C4E1876006B10A2 /* Frameworks */ = {
			isa = PBXFrameworksBuildPhase;
			buildActionMask = 2147483647;
			files = (
			);
			runOnlyForDeploymentPostprocessing = 0;
		};
/* End PBXFrameworksBuildPhase section */

/* Begin PBXGroup section */
		6246350D1C4E1876006B10A2 = {
			isa = PBXGroup;
			children = (
				624635181C4E1876006B10A2 /* customActivityLoader */,
				624635351C4E1876006B10A2 /* customActivityLoaderTests */,
				624635401C4E1876006B10A2 /* customActivityLoaderUITests */,
				624635171C4E1876006B10A2 /* Products */,
			);
			sourceTree = "<group>";
		};
		624635171C4E1876006B10A2 /* Products */ = {
			isa = PBXGroup;
			children = (
				624635161C4E1876006B10A2 /* customActivityLoader.app */,
				624635321C4E1876006B10A2 /* customActivityLoaderTests.xctest */,
				6246353D1C4E1876006B10A2 /* customActivityLoaderUITests.xctest */,
			);
			name = Products;
			sourceTree = "<group>";
		};
		624635181C4E1876006B10A2 /* customActivityLoader */ = {
			isa = PBXGroup;
			children = (
				6246351C1C4E1876006B10A2 /* AppDelegate.h */,
				6246351D1C4E1876006B10A2 /* AppDelegate.m */,
				6246351F1C4E1876006B10A2 /* MasterViewController.h */,
				624635201C4E1876006B10A2 /* MasterViewController.m */,
				624635221C4E1876006B10A2 /* DetailViewController.h */,
				624635231C4E1876006B10A2 /* DetailViewController.m */,
				624635251C4E1876006B10A2 /* Main.storyboard */,
				624635281C4E1876006B10A2 /* Assets.xcassets */,
				6246352A1C4E1876006B10A2 /* LaunchScreen.storyboard */,
				6246352D1C4E1876006B10A2 /* Info.plist */,
				624635191C4E1876006B10A2 /* Supporting Files */,
			);
			path = customActivityLoader;
			sourceTree = "<group>";
		};
		624635191C4E1876006B10A2 /* Supporting Files */ = {
			isa = PBXGroup;
			children = (
				6246351A1C4E1876006B10A2 /* main.m */,
			);
			name = "Supporting Files";
			sourceTree = "<group>";
		};
		624635351C4E1876006B10A2 /* customActivityLoaderTests */ = {
			isa = PBXGroup;
			children = (
				624635361C4E1876006B10A2 /* customActivityLoaderTests.m */,
				624635381C4E1876006B10A2 /* Info.plist */,
			);
			path = customActivityLoaderTests;
			sourceTree = "<group>";
		};
		624635401C4E1876006B10A2 /* customActivityLoaderUITests */ = {
			isa = PBXGroup;
			children = (
				624635411C4E1876006B10A2 /* customActivityLoaderUITests.m */,
				624635431C4E1876006B10A2 /* Info.plist */,
			);
			path = customActivityLoaderUITests;
			sourceTree = "<group>";
		};
/* End PBXGroup section */

/* Begin PBXNativeTarget section */
		624635151C4E1876006B10A2 /* customActivityLoader */ = {
			isa = PBXNativeTarget;
			buildConfigurationList = 624635461C4E1876006B10A2 /* Build configuration list for PBXNativeTarget "customActivityLoader" */;
			buildPhases = (
				624635121C4E1876006B10A2 /* Sources */,
				624635131C4E1876006B10A2 /* Frameworks */,
				624635141C4E1876006B10A2 /* Resources */,
			);
			buildRules = (
			);
			dependencies = (
			);
			name = customActivityLoader;
			productName = customActivityLoader;
			productReference = 624635161C4E1876006B10A2 /* customActivityLoader.app */;
			productType = "com.apple.product-type.application";
		};
		624635311C4E1876006B10A2 /* customActivityLoaderTests */ = {
			isa = PBXNativeTarget;
			buildConfigurationList = 624635491C4E1876006B10A2 /* Build configuration list for PBXNativeTarget "customActivityLoaderTests" */;
			buildPhases = (
				6246352E1C4E1876006B10A2 /* Sources */,
				6246352F1C4E1876006B10A2 /* Frameworks */,
				624635301C4E1876006B10A2 /* Resources */,
			);
			buildRules = (
			);
			dependencies = (
				624635341C4E1876006B10A2 /* PBXTargetDependency */,
			);
			name = customActivityLoaderTests;
			productName = customActivityLoaderTests;
			productReference = 624635321C4E1876006B10A2 /* customActivityLoaderTests.xctest */;
			productType = "com.apple.product-type.bundle.unit-test";
		};
		6246353C1C4E1876006B10A2 /* customActivityLoaderUITests */ = {
			isa = PBXNativeTarget;
			buildConfigurationList = 6246354C1C4E1876006B10A2 /* Build configuration list for PBXNativeTarget "customActivityLoaderUITests" */;
			buildPhases = (
				624635391C4E1876006B10A2 /* Sources */,
				6246353A1C4E1876006B10A2 /* Frameworks */,
				6246353B1C4E1876006B10A2 /* Resources */,
			);
			buildRules = (
			);
			dependencies = (
				6246353F1C4E1876006B10A2 /* PBXTargetDependency */,
			);
			name = customActivityLoaderUITests;
			productName = customActivityLoaderUITests;
			productReference = 6246353D1C4E1876006B10A2 /* customActivityLoaderUITests.xctest */;
			productType = "com.apple.product-type.bundle.ui-testing";
		};
/* End PBXNativeTarget section */

/* Begin PBXProject section */
		6246350E1C4E1876006B10A2 /* Project object */ = {
			isa = PBXProject;
			attributes = {
				LastUpgradeCheck = 0720;
				ORGANIZATIONNAME = bdAppManiac;
				TargetAttributes = {
					624635151C4E1876006B10A2 = {
						CreatedOnToolsVersion = 7.2;
					};
					624635311C4E1876006B10A2 = {
						CreatedOnToolsVersion = 7.2;
						TestTargetID = 624635151C4E1876006B10A2;
					};
					6246353C1C4E1876006B10A2 = {
						CreatedOnToolsVersion = 7.2;
						TestTargetID = 624635151C4E1876006B10A2;
					};
				};
			};
			buildConfigurationList = 624635111C4E1876006B10A2 /* Build configuration list for PBXProject "customActivityLoader" */;
			compatibilityVersion = "Xcode 3.2";
			developmentRegion = English;
			hasScannedForEncodings = 0;
			knownRegions = (
				en,
				Base,
			);
			mainGroup = 6246350D1C4E1876006B10A2;
			productRefGroup = 624635171C4E1876006B10A2 /* Products */;
			projectDirPath = "";
			projectRoot = "";
			targets = (
				624635151C4E1876006B10A2 /* customActivityLoader */,
				624635311C4E1876006B10A2 /* customActivityLoaderTests */,
				6246353C1C4E1876006B10A2 /* customActivityLoaderUITests */,
			);
		};
/* End PBXProject section */

/* Begin PBXResourcesBuildPhase section */
		624635141C4E1876006B10A2 /* Resources */ = {
			isa = PBXResourcesBuildPhase;
			buildActionMask = 2147483647;
			files = (
				6246352C1C4E1876006B10A2 /* LaunchScreen.storyboard in Resources */,
				624635291C4E1876006B10A2 /* Assets.xcassets in Resources */,
				624635271C4E1876006B10A2 /* Main.storyboard in Resources */,
			);
			runOnlyForDeploymentPostprocessing = 0;
		};
		624635301C4E1876006B10A2 /* Resources */ = {
			isa = PBXResourcesBuildPhase;
			buildActionMask = 2147483647;
			files = (
			);
			runOnlyForDeploymentPostprocessing = 0;
		};
		6246353B1C4E1876006B10A2 /* Resources */ = {
			isa = PBXResourcesBuildPhase;
			buildActionMask = 2147483647;
			files = (
			);
			runOnlyForDeploymentPostprocessing = 0;
		};
/* End PBXResourcesBuildPhase section */

/* Begin PBXSourcesBuildPhase section */
		624635121C4E1876006B10A2 /* Sources */ = {
			isa = PBXSourcesBuildPhase;
			buildActionMask = 2147483647;
			files = (
				6246351E1C4E1876006B10A2 /* AppDelegate.m in Sources */,
				624635211C4E1876006B10A2 /* MasterViewController.m in Sources */,
				6246351B1C4E1876006B10A2 /* main.m in Sources */,
				624635241C4E1876006B10A2 /* DetailViewController.m in Sources */,
			);
			runOnlyForDeploymentPostprocessing = 0;
		};
		6246352E1C4E1876006B10A2 /* Sources */ = {
			isa = PBXSourcesBuildPhase;
			buildActionMask = 2147483647;
			files = (
				624635371C4E1876006B10A2 /* customActivityLoaderTests.m in Sources */,
			);
			runOnlyForDeploymentPostprocessing = 0;
		};
		624635391C4E1876006B10A2 /* Sources */ = {
			isa = PBXSourcesBuildPhase;
			buildActionMask = 2147483647;
			files = (
				624635421C4E1876006B10A2 /* customActivityLoaderUITests.m in Sources */,
			);
			runOnlyForDeploymentPostprocessing = 0;
		};
/* End PBXSourcesBuildPhase section */

/* Begin PBXTargetDependency section */
		624635341C4E1876006B10A2 /* PBXTargetDependency */ = {
			isa = PBXTargetDependency;
			target = 624635151C4E1876006B10A2 /* customActivityLoader */;
			targetProxy = 624635331C4E1876006B10A2 /* PBXContainerItemProxy */;
		};
		6246353F1C4E1876006B10A2 /* PBXTargetDependency */ = {
			isa = PBXTargetDependency;
			target = 624635151C4E1876006B10A2 /* customActivityLoader */;
			targetProxy = 6246353E1C4E1876006B10A2 /* PBXContainerItemProxy */;
		};
/* End PBXTargetDependency section */

/* Begin PBXVariantGroup section */
		624635251C4E1876006B10A2 /* Main.storyboard */ = {
			isa = PBXVariantGroup;
			children = (
				624635261C4E1876006B10A2 /* Base */,
			);
			name = Main.storyboard;
			sourceTree = "<group>";
		};
		6246352A1C4E1876006B10A2 /* LaunchScreen.storyboard */ = {
			isa = PBXVariantGroup;
			children = (
				6246352B1C4E1876006B10A2 /* Base */,
			);
			name = LaunchScreen.storyboard;
			sourceTree = "<group>";
		};
/* End PBXVariantGroup section */

/* Begin XCBuildConfiguration section */
		624635441C4E1876006B10A2 /* Debug */ = {
			isa = XCBuildConfiguration;
			buildSettings = {
				ALWAYS_SEARCH_USER_PATHS = NO;
				CLANG_CXX_LANGUAGE_STANDARD = "gnu++0x";
				CLANG_CXX_LIBRARY = "libc++";
				CLANG_ENABLE_MODULES = YES;
				CLANG_ENABLE_OBJC_ARC = YES;
				CLANG_WARN_BOOL_CONVERSION = YES;
				CLANG_WARN_CONSTANT_CONVERSION = YES;
				CLANG_WARN_DIRECT_OBJC_ISA_USAGE = YES_ERROR;
				CLANG_WARN_EMPTY_BODY = YES;
				CLANG_WARN_ENUM_CONVERSION = YES;
				CLANG_WARN_INT_CONVERSION = YES;
				CLANG_WARN_OBJC_ROOT_CLASS = YES_ERROR;
				CLANG_WARN_UNREACHABLE_CODE = YES;
				CLANG_WARN__DUPLICATE_METHOD_MATCH = YES;
				"CODE_SIGN_IDENTITY[sdk=iphoneos*]" = "iPhone Developer";
				COPY_PHASE_STRIP = NO;
				DEBUG_INFORMATION_FORMAT = dwarf;
				ENABLE_STRICT_OBJC_MSGSEND = YES;
				ENABLE_TESTABILITY = YES;
				GCC_C_LANGUAGE_STANDARD = gnu99;
				GCC_DYNAMIC_NO_PIC = NO;
				GCC_NO_COMMON_BLOCKS = YES;
				GCC_OPTIMIZATION_LEVEL = 0;
				GCC_PREPROCESSOR_DEFINITIONS = (
					"DEBUG=1",
					"$(inherited)",
				);
				GCC_WARN_64_TO_32_BIT_CONVERSION = YES;
				GCC_WARN_ABOUT_RETURN_TYPE = YES_ERROR;
				GCC_WARN_UNDECLARED_SELECTOR = YES;
				GCC_WARN_UNINITIALIZED_AUTOS = YES_AGGRESSIVE;
				GCC_WARN_UNUSED_FUNCTION = YES;
				GCC_WARN_UNUSED_VARIABLE = YES;
				IPHONEOS_DEPLOYMENT_TARGET = 9.2;
				MTL_ENABLE_DEBUG_INFO = YES;
				ONLY_ACTIVE_ARCH = YES;
				SDKROOT = iphoneos;
				TARGETED_DEVICE_FAMILY = "1,2";
			};
			name = Debug;
		};
		624635451C4E1876006B10A2 /* Release */ = {
			isa = XCBuildConfiguration;
			buildSettings = {
				ALWAYS_SEARCH_USER_PATHS = NO;
				CLANG_CXX_LANGUAGE_STANDARD = "gnu++0x";
				CLANG_CXX_LIBRARY = "libc++";
				CLANG_ENABLE_MODULES = YES;
				CLANG_ENABLE_OBJC_ARC = YES;
				CLANG_WARN_BOOL_CONVERSION = YES;
				CLANG_WARN_CONSTANT_CONVERSION = YES;
				CLANG_WARN_DIRECT_OBJC_ISA_USAGE = YES_ERROR;
				CLANG_WARN_EMPTY_BODY = YES;
				CLANG_WARN_ENUM_CONVERSION = YES;
				CLANG_WARN_INT_CONVERSION = YES;
				CLANG_WARN_OBJC_ROOT_CLASS = YES_ERROR;
				CLANG_WARN_UNREACHABLE_CODE = YES;
				CLANG_WARN__DUPLICATE_METHOD_MATCH = YES;
				"CODE_SIGN_IDENTITY[sdk=iphoneos*]" = "iPhone Developer";
				COPY_PHASE_STRIP = NO;
				DEBUG_INFORMATION_FORMAT = "dwarf-with-dsym";
				ENABLE_NS_ASSERTIONS = NO;
				ENABLE_STRICT_OBJC_MSGSEND = YES;
				GCC_C_LANGUAGE_STANDARD = gnu99;
				GCC_NO_COMMON_BLOCKS = YES;
				GCC_WARN_64_TO_32_BIT_CONVERSION = YES;
				GCC_WARN_ABOUT_RETURN_TYPE = YES_ERROR;
				GCC_WARN_UNDECLARED_SELECTOR = YES;
				GCC_WARN_UNINITIALIZED_AUTOS = YES_AGGRESSIVE;
				GCC_WARN_UNUSED_FUNCTION = YES;
				GCC_WARN_UNUSED_VARIABLE = YES;
				IPHONEOS_DEPLOYMENT_TARGET = 9.2;
				MTL_ENABLE_DEBUG_INFO = NO;
				SDKROOT = iphoneos;
				TARGETED_DEVICE_FAMILY = "1,2";
				VALIDATE_PRODUCT = YES;
			};
			name = Release;
		};
		624635471C4E1876006B10A2 /* Debug */ = {
			isa = XCBuildConfiguration;
			buildSettings = {
				ASSETCATALOG_COMPILER_APPICON_NAME = AppIcon;
				INFOPLIST_FILE = customActivityLoader/Info.plist;
				LD_RUNPATH_SEARCH_PATHS = "$(inherited) @executable_path/Frameworks";
				PRODUCT_BUNDLE_IDENTIFIER = com.bdAppManiac.customActivityLoader;
				PRODUCT_NAME = "$(TARGET_NAME)";
			};
			name = Debug;
		};
		624635481C4E1876006B10A2 /* Release */ = {
			isa = XCBuildConfiguration;
			buildSettings = {
				ASSETCATALOG_COMPILER_APPICON_NAME = AppIcon;
				INFOPLIST_FILE = customActivityLoader/Info.plist;
				LD_RUNPATH_SEARCH_PATHS = "$(inherited) @executable_path/Frameworks";
				PRODUCT_BUNDLE_IDENTIFIER = com.bdAppManiac.customActivityLoader;
				PRODUCT_NAME = "$(TARGET_NAME)";
			};
			name = Release;
		};
		6246354A1C4E1876006B10A2 /* Debug */ = {
			isa = XCBuildConfiguration;
			buildSettings = {
				BUNDLE_LOADER = "$(TEST_HOST)";
				INFOPLIST_FILE = customActivityLoaderTests/Info.plist;
				LD_RUNPATH_SEARCH_PATHS = "$(inherited) @executable_path/Frameworks @loader_path/Frameworks";
				PRODUCT_BUNDLE_IDENTIFIER = com.bdAppManiac.customActivityLoaderTests;
				PRODUCT_NAME = "$(TARGET_NAME)";
				TEST_HOST = "$(BUILT_PRODUCTS_DIR)/customActivityLoader.app/customActivityLoader";
			};
			name = Debug;
		};
		6246354B1C4E1876006B10A2 /* Release */ = {
			isa = XCBuildConfiguration;
			buildSettings = {
				BUNDLE_LOADER = "$(TEST_HOST)";
				INFOPLIST_FILE = customActivityLoaderTests/Info.plist;
				LD_RUNPATH_SEARCH_PATHS = "$(inherited) @executable_path/Frameworks @loader_path/Frameworks";
				PRODUCT_BUNDLE_IDENTIFIER = com.bdAppManiac.customActivityLoaderTests;
				PRODUCT_NAME = "$(TARGET_NAME)";
				TEST_HOST = "$(BUILT_PRODUCTS_DIR)/customActivityLoader.app/customActivityLoader";
			};
			name = Release;
		};
		6246354D1C4E1876006B10A2 /* Debug */ = {
			isa = XCBuildConfiguration;
			buildSettings = {
				INFOPLIST_FILE = customActivityLoaderUITests/Info.plist;
				LD_RUNPATH_SEARCH_PATHS = "$(inherited) @executable_path/Frameworks @loader_path/Frameworks";
				PRODUCT_BUNDLE_IDENTIFIER = com.bdAppManiac.customActivityLoaderUITests;
				PRODUCT_NAME = "$(TARGET_NAME)";
				TEST_TARGET_NAME = customActivityLoader;
				USES_XCTRUNNER = YES;
			};
			name = Debug;
		};
		6246354E1C4E1876006B10A2 /* Release */ = {
			isa = XCBuildConfiguration;
			buildSettings = {
				INFOPLIST_FILE = customActivityLoaderUITests/Info.plist;
				LD_RUNPATH_SEARCH_PATHS = "$(inherited) @executable_path/Frameworks @loader_path/Frameworks";
				PRODUCT_BUNDLE_IDENTIFIER = com.bdAppManiac.customActivityLoaderUITests;
				PRODUCT_NAME = "$(TARGET_NAME)";
				TEST_TARGET_NAME = customActivityLoader;
				USES_XCTRUNNER = YES;
			};
			name = Release;
		};
/* End XCBuildConfiguration section */

/* Begin XCConfigurationList section */
		624635111C4E1876006B10A2 /* Build configuration list for PBXProject "customActivityLoader" */ = {
			isa = XCConfigurationList;
			buildConfigurations = (
				624635441C4E1876006B10A2 /* Debug */,
				624635451C4E1876006B10A2 /* Release */,
			);
			defaultConfigurationIsVisible = 0;
			defaultConfigurationName = Release;
		};
		624635461C4E1876006B10A2 /* Build configuration list for PBXNativeTarget "customActivityLoader" */ = {
			isa = XCConfigurationList;
			buildConfigurations = (
				624635471C4E1876006B10A2 /* Debug */,
				624635481C4E1876006B10A2 /* Release */,
			);
			defaultConfigurationIsVisible = 0;
		};
		624635491C4E1876006B10A2 /* Build configuration list for PBXNativeTarget "customActivityLoaderTests" */ = {
			isa = XCConfigurationList;
			buildConfigurations = (
				6246354A1C4E1876006B10A2 /* Debug */,
				6246354B1C4E1876006B10A2 /* Release */,
			);
			defaultConfigurationIsVisible = 0;
		};
		6246354C1C4E1876006B10A2 /* Build configuration list for PBXNativeTarget "customActivityLoaderUITests" */ = {
			isa = XCConfigurationList;
			buildConfigurations = (
				6246354D1C4E1876006B10A2 /* Debug */,
				6246354E1C4E1876006B10A2 /* Release */,
			);
			defaultConfigurationIsVisible = 0;
		};
/* End XCConfigurationList section */
	};
	rootObject = 6246350E1C4E1876006B10A2 /* Project object */;
}
